{
  "originHash" : "3f4ce3190aac9beb0b1fff1f2428e3d3fc5eb213f219d9b761524c6d6c1ce93c",
  "pins" : [
    {
      "identity" : "dswaveformimage",
      "kind" : "remoteSourceControl",
      "location" : "https://github.com/dmrschmidt/DSWaveformImage",
      "state" : {
        "revision" : "89300494dab28d7c9718148ec0b5936b9dfd8c81",
        "version" : "14.2.1"
      }
    },
    {
      "identity" : "lottie-ios",
      "kind" : "remoteSourceControl",
      "location" : "https://github.com/airbnb/lottie-ios",
      "state" : {
        "revision" : "a004050748dc197c56256a14dca49a035d74726c",
        "version" : "4.5.2"
      }
    },
    {
      "identity" : "ziparchive",
      "kind" : "remoteSourceControl",
      "location" : "https://github.com/ZipArchive/ZipArchive",
      "state" : {
        "revision" : "79d4dc9729096c6ad83dd3cee2b9f354d1b4ab7b",
        "version" : "2.5.5"
      }
    }
  ],
  "version" : 3
}
